{
  "projects": [
    {
      "projectId": "9Vr5YWkf3w7jj6SsTcCEta",
      "version": "0.7.0",
      "dependencies": {},
      "lang": "js",
      "fileLocks": [
        {
          "assetId": "9Vr5YWkf3w7jj6SsTcCEta",
          "type": "projectCss",
          "checksum": "e1ec850476829c38b0f9b6d4f7ac446a"
        }
      ],
      "codegenVersion": "0.0.1"
    },
    {
      "projectId": "jkU633o1Cz7HrJdwdxhVHk",
      "version": "16.6.0",
      "dependencies": {},
      "lang": "js",
      "fileLocks": [
        {
          "assetId": "jkU633o1Cz7HrJdwdxhVHk",
          "type": "projectCss",
          "checksum": "0581d4378bb1604bb5fe3f65bb0a37de"
        }
      ],
      "codegenVersion": "0.0.1"
    },
    {
      "projectId": "ohDidvG9XsCeFumugENU3J",
      "version": "6.19.0",
      "dependencies": {},
      "lang": "js",
      "fileLocks": [
        {
          "assetId": "ohDidvG9XsCeFumugENU3J",
          "type": "projectCss",
          "checksum": "fd83b730367fdbde2c69bc6cf31c2a3c"
        },
        {
          "assetId": "ohDidvG9XsCeFumugENU3J",
          "checksum": "de0a0e65174a6a185a8f822af51c6bdd",
          "type": "globalContexts"
        }
      ],
      "codegenVersion": "0.0.1"
    },
    {
      "projectId": "ioWQ2wgU4sMaVJzRBghNsW",
      "version": "latest",
      "dependencies": {
        "ohDidvG9XsCeFumugENU3J": "6.19.0",
        "jkU633o1Cz7HrJdwdxhVHk": "16.6.0",
        "9Vr5YWkf3w7jj6SsTcCEta": "0.7.0"
      },
      "lang": "js",
      "fileLocks": [
        {
          "type": "globalVariant",
          "assetId": "pYErmX3qeq_6",
          "checksum": "0b05109f499405d2bfa77bdf1ccbf2c2"
        },
        {
          "assetId": "ioWQ2wgU4sMaVJzRBghNsW",
          "checksum": "e5ba79e466182e7b3360f127fc333ee4",
          "type": "globalContexts"
        },
        {
          "type": "renderModule",
          "assetId": "_iW7C5BSC4RQ",
          "checksum": "8e720428826af899611c672fd5d27673"
        },
        {
          "type": "cssRules",
          "assetId": "_iW7C5BSC4RQ",
          "checksum": "8e720428826af899611c672fd5d27673"
        },
        {
          "type": "renderModule",
          "assetId": "p15zT1QTExZh",
          "checksum": "1aef22a6cf4f83193a6b6323a390067a"
        },
        {
          "type": "cssRules",
          "assetId": "p15zT1QTExZh",
          "checksum": "1aef22a6cf4f83193a6b6323a390067a"
        },
        {
          "type": "icon",
          "assetId": "uZ9P3XAxHNiJ",
          "checksum": "5bc49294d2c2d5a24c814f8b0a9f2c28"
        },
        {
          "type": "icon",
          "assetId": "1LgQ0KXoC2Nc",
          "checksum": "67a6dafa21070c377b09b55c10c561da"
        },
        {
          "assetId": "ioWQ2wgU4sMaVJzRBghNsW",
          "type": "projectCss",
          "checksum": "1a3f67ca829ed396491280c56c9aaeb9"
        }
      ],
      "codegenVersion": "0.0.1"
    }
  ],
  "cliVersion": "0.1.326"
}
